// !$*UTF8*$!
{
	archiveVersion = 1;
	classes = {
	};
	objectVersion = 46;
	objects = {

/* Begin PBXBuildFile section */
		72798F1098AB0C11A13F0BB5 /* Pods.framework in Frameworks */ = {isa = PBXBuildFile; fileRef = 16F844161360229629C84295 /* Pods.framework */; };
		CF26A2EB1C76EB960063936B /* Field.xib in Resources */ = {isa = PBXBuildFile; fileRef = CF26A2EA1C76EB960063936B /* Field.xib */; };
		CF26A2ED1C76EBB90063936B /* Settings.swift in Sources */ = {isa = PBXBuildFile; fileRef = CF26A2EC1C76EBB90063936B /* Settings.swift */; };
		CF58479B1C7AC531009D4BF8 /* Assets.xcassets in Resources */ = {isa = PBXBuildFile; fileRef = CF955AD31C71B0B8002AEBEA /* Assets.xcassets */; };
		CF58479D1C7AC618009D4BF8 /* Youtube.swift in Sources */ = {isa = PBXBuildFile; fileRef = CF58479C1C7AC618009D4BF8 /* Youtube.swift */; };
		CF7CF7C31C7AAE3700859F87 /* main.m in Sources */ = {isa = PBXBuildFile; fileRef = CF7CF7C21C7AAE3700859F87 /* main.m */; };
		CF7CF7C61C7AAE3700859F87 /* AppDelegate.m in Sources */ = {isa = PBXBuildFile; fileRef = CF7CF7C51C7AAE3700859F87 /* AppDelegate.m */; };
		CF7CF7C91C7AAE3700859F87 /* ViewController.m in Sources */ = {isa = PBXBuildFile; fileRef = CF7CF7C81C7AAE3700859F87 /* ViewController.m */; };
		CF7CF7D11C7AAE3700859F87 /* LaunchScreen.storyboard in Resources */ = {isa = PBXBuildFile; fileRef = CF7CF7CF1C7AAE3700859F87 /* LaunchScreen.storyboard */; };
		CF7CF7D61C7AAEAB00859F87 /* Main.storyboard in Resources */ = {isa = PBXBuildFile; fileRef = CF955AD01C71B0B8002AEBEA /* Main.storyboard */; };
		CF7CF7D91C7AAEDF00859F87 /* Main.storyboard in Resources */ = {isa = PBXBuildFile; fileRef = CF7CF7D71C7AAEDF00859F87 /* Main.storyboard */; };
		CF7CF7DD1C7AB60600859F87 /* Pods.framework in Frameworks */ = {isa = PBXBuildFile; fileRef = CF7CF7DC1C7AB60600859F87 /* Pods.framework */; };
		CF955ACD1C71B0B8002AEBEA /* AppDelegate.swift in Sources */ = {isa = PBXBuildFile; fileRef = CF955ACC1C71B0B8002AEBEA /* AppDelegate.swift */; };
		CF955ACF1C71B0B8002AEBEA /* Demo.swift in Sources */ = {isa = PBXBuildFile; fileRef = CF955ACE1C71B0B8002AEBEA /* Demo.swift */; };
		CF955AD21C71B0B8002AEBEA /* Main.storyboard in Resources */ = {isa = PBXBuildFile; fileRef = CF955AD01C71B0B8002AEBEA /* Main.storyboard */; };
		CF955AD41C71B0B8002AEBEA /* Assets.xcassets in Resources */ = {isa = PBXBuildFile; fileRef = CF955AD31C71B0B8002AEBEA /* Assets.xcassets */; };
		CF955AD71C71B0B8002AEBEA /* LaunchScreen.storyboard in Resources */ = {isa = PBXBuildFile; fileRef = CF955AD51C71B0B8002AEBEA /* LaunchScreen.storyboard */; };
/* End PBXBuildFile section */

/* Begin PBXFileReference section */
		16F844161360229629C84295 /* Pods.framework */ = {isa = PBXFileReference; explicitFileType = wrapper.framework; includeInIndex = 0; path = Pods.framework; sourceTree = BUILT_PRODUCTS_DIR; };
		97C1685054CE145D239A0241 /* Pods.debug.xcconfig */ = {isa = PBXFileReference; includeInIndex = 1; lastKnownFileType = text.xcconfig; name = Pods.debug.xcconfig; path = "Pods/Target Support Files/Pods/Pods.debug.xcconfig"; sourceTree = "<group>"; };
		CF26A2EA1C76EB960063936B /* Field.xib */ = {isa = PBXFileReference; fileEncoding = 4; lastKnownFileType = file.xib; path = Field.xib; sourceTree = "<group>"; };
		CF26A2EC1C76EBB90063936B /* Settings.swift */ = {isa = PBXFileReference; fileEncoding = 4; lastKnownFileType = sourcecode.swift; path = Settings.swift; sourceTree = "<group>"; };
		CF58479C1C7AC618009D4BF8 /* Youtube.swift */ = {isa = PBXFileReference; fileEncoding = 4; lastKnownFileType = sourcecode.swift; path = Youtube.swift; sourceTree = "<group>"; };
		CF7CF7BF1C7AAE3700859F87 /* SurvataObjcDemo.app */ = {isa = PBXFileReference; explicitFileType = wrapper.application; includeInIndex = 0; path = SurvataObjcDemo.app; sourceTree = BUILT_PRODUCTS_DIR; };
		CF7CF7C21C7AAE3700859F87 /* main.m */ = {isa = PBXFileReference; lastKnownFileType = sourcecode.c.objc; path = main.m; sourceTree = "<group>"; };
		CF7CF7C41C7AAE3700859F87 /* AppDelegate.h */ = {isa = PBXFileReference; lastKnownFileType = sourcecode.c.h; path = AppDelegate.h; sourceTree = "<group>"; };
		CF7CF7C51C7AAE3700859F87 /* AppDelegate.m */ = {isa = PBXFileReference; lastKnownFileType = sourcecode.c.objc; path = AppDelegate.m; sourceTree = "<group>"; };
		CF7CF7C71C7AAE3700859F87 /* ViewController.h */ = {isa = PBXFileReference; lastKnownFileType = sourcecode.c.h; path = ViewController.h; sourceTree = "<group>"; };
		CF7CF7C81C7AAE3700859F87 /* ViewController.m */ = {isa = PBXFileReference; lastKnownFileType = sourcecode.c.objc; path = ViewController.m; sourceTree = "<group>"; };
		CF7CF7D01C7AAE3700859F87 /* Base */ = {isa = PBXFileReference; lastKnownFileType = file.storyboard; name = Base; path = Base.lproj/LaunchScreen.storyboard; sourceTree = "<group>"; };
		CF7CF7D21C7AAE3700859F87 /* Info.plist */ = {isa = PBXFileReference; lastKnownFileType = text.plist.xml; path = Info.plist; sourceTree = "<group>"; };
		CF7CF7D81C7AAEDF00859F87 /* Base */ = {isa = PBXFileReference; lastKnownFileType = file.storyboard; name = Base; path = Base.lproj/Main.storyboard; sourceTree = "<group>"; };
		CF7CF7DA1C7AAF6000859F87 /* Pods.framework */ = {isa = PBXFileReference; lastKnownFileType = wrapper.framework; name = Pods.framework; path = "Pods/../build/Debug-iphoneos/Pods.framework"; sourceTree = "<group>"; };
		CF7CF7DC1C7AB60600859F87 /* Pods.framework */ = {isa = PBXFileReference; lastKnownFileType = wrapper.framework; name = Pods.framework; path = "Pods/../build/Debug-iphoneos/Pods.framework"; sourceTree = "<group>"; };
		CF955AC91C71B0B8002AEBEA /* SurvataDemo.app */ = {isa = PBXFileReference; explicitFileType = wrapper.application; includeInIndex = 0; path = SurvataDemo.app; sourceTree = BUILT_PRODUCTS_DIR; };
		CF955ACC1C71B0B8002AEBEA /* AppDelegate.swift */ = {isa = PBXFileReference; lastKnownFileType = sourcecode.swift; path = AppDelegate.swift; sourceTree = "<group>"; };
		CF955ACE1C71B0B8002AEBEA /* Demo.swift */ = {isa = PBXFileReference; lastKnownFileType = sourcecode.swift; path = Demo.swift; sourceTree = "<group>"; };
		CF955AD11C71B0B8002AEBEA /* Base */ = {isa = PBXFileReference; lastKnownFileType = file.storyboard; name = Base; path = Base.lproj/Main.storyboard; sourceTree = "<group>"; };
		CF955AD31C71B0B8002AEBEA /* Assets.xcassets */ = {isa = PBXFileReference; lastKnownFileType = folder.assetcatalog; path = Assets.xcassets; sourceTree = "<group>"; };
		CF955AD61C71B0B8002AEBEA /* Base */ = {isa = PBXFileReference; lastKnownFileType = file.storyboard; name = Base; path = Base.lproj/LaunchScreen.storyboard; sourceTree = "<group>"; };
		CF955AD81C71B0B8002AEBEA /* Info.plist */ = {isa = PBXFileReference; lastKnownFileType = text.plist.xml; path = Info.plist; sourceTree = "<group>"; };
		DE785D98BBDF3951932D1A68 /* Pods.release.xcconfig */ = {isa = PBXFileReference; includeInIndex = 1; lastKnownFileType = text.xcconfig; name = Pods.release.xcconfig; path = "Pods/Target Support Files/Pods/Pods.release.xcconfig"; sourceTree = "<group>"; };
/* End PBXFileReference section */

/* Begin PBXFrameworksBuildPhase section */
		CF7CF7BC1C7AAE3700859F87 /* Frameworks */ = {
			isa = PBXFrameworksBuildPhase;
			buildActionMask = 2147483647;
			files = (
				CF7CF7DD1C7AB60600859F87 /* Pods.framework in Frameworks */,
			);
			runOnlyForDeploymentPostprocessing = 0;
		};
		CF955AC61C71B0B8002AEBEA /* Frameworks */ = {
			isa = PBXFrameworksBuildPhase;
			buildActionMask = 2147483647;
			files = (
				72798F1098AB0C11A13F0BB5 /* Pods.framework in Frameworks */,
			);
			runOnlyForDeploymentPostprocessing = 0;
		};
/* End PBXFrameworksBuildPhase section */

/* Begin PBXGroup section */
		43371C1D9440C6C935C1AE2B /* Frameworks */ = {
			isa = PBXGroup;
			children = (
				CF7CF7DC1C7AB60600859F87 /* Pods.framework */,
				CF7CF7DA1C7AAF6000859F87 /* Pods.framework */,
				16F844161360229629C84295 /* Pods.framework */,
			);
			name = Frameworks;
			sourceTree = "<group>";
		};
		CF7CF7C01C7AAE3700859F87 /* SurvataObjcDemo */ = {
			isa = PBXGroup;
			children = (
				CF7CF7C41C7AAE3700859F87 /* AppDelegate.h */,
				CF7CF7C51C7AAE3700859F87 /* AppDelegate.m */,
				CF7CF7C71C7AAE3700859F87 /* ViewController.h */,
				CF7CF7C81C7AAE3700859F87 /* ViewController.m */,
				CF7CF7D71C7AAEDF00859F87 /* Main.storyboard */,
				CF7CF7CF1C7AAE3700859F87 /* LaunchScreen.storyboard */,
				CF7CF7D21C7AAE3700859F87 /* Info.plist */,
				CF7CF7C11C7AAE3700859F87 /* Supporting Files */,
			);
			path = SurvataObjcDemo;
			sourceTree = "<group>";
		};
		CF7CF7C11C7AAE3700859F87 /* Supporting Files */ = {
			isa = PBXGroup;
			children = (
				CF7CF7C21C7AAE3700859F87 /* main.m */,
			);
			name = "Supporting Files";
			sourceTree = "<group>";
		};
		CF955AC01C71B0B8002AEBEA = {
			isa = PBXGroup;
			children = (
				CF955ACB1C71B0B8002AEBEA /* SurvataDemo */,
				CF7CF7C01C7AAE3700859F87 /* SurvataObjcDemo */,
				CF955ACA1C71B0B8002AEBEA /* Products */,
				DFD8221E31AACFD367C52117 /* Pods */,
				43371C1D9440C6C935C1AE2B /* Frameworks */,
			);
			sourceTree = "<group>";
		};
		CF955ACA1C71B0B8002AEBEA /* Products */ = {
			isa = PBXGroup;
			children = (
				CF955AC91C71B0B8002AEBEA /* SurvataDemo.app */,
				CF7CF7BF1C7AAE3700859F87 /* SurvataObjcDemo.app */,
			);
			name = Products;
			sourceTree = "<group>";
		};
		CF955ACB1C71B0B8002AEBEA /* SurvataDemo */ = {
			isa = PBXGroup;
			children = (
				CF955ACC1C71B0B8002AEBEA /* AppDelegate.swift */,
				CF26A2EA1C76EB960063936B /* Field.xib */,
				CF955ACE1C71B0B8002AEBEA /* Demo.swift */,
				CF26A2EC1C76EBB90063936B /* Settings.swift */,
				CF58479C1C7AC618009D4BF8 /* Youtube.swift */,
				CF955AD01C71B0B8002AEBEA /* Main.storyboard */,
				CF955AD31C71B0B8002AEBEA /* Assets.xcassets */,
				CF955AD51C71B0B8002AEBEA /* LaunchScreen.storyboard */,
				CF955AD81C71B0B8002AEBEA /* Info.plist */,
			);
			path = SurvataDemo;
			sourceTree = "<group>";
		};
		DFD8221E31AACFD367C52117 /* Pods */ = {
			isa = PBXGroup;
			children = (
				97C1685054CE145D239A0241 /* Pods.debug.xcconfig */,
				DE785D98BBDF3951932D1A68 /* Pods.release.xcconfig */,
			);
			name = Pods;
			sourceTree = "<group>";
		};
/* End PBXGroup section */

/* Begin PBXNativeTarget section */
		CF7CF7BE1C7AAE3700859F87 /* SurvataObjcDemo */ = {
			isa = PBXNativeTarget;
			buildConfigurationList = CF7CF7D51C7AAE3700859F87 /* Build configuration list for PBXNativeTarget "SurvataObjcDemo" */;
			buildPhases = (
				CF7CF7BB1C7AAE3700859F87 /* Sources */,
				CF7CF7BC1C7AAE3700859F87 /* Frameworks */,
				CF7CF7BD1C7AAE3700859F87 /* Resources */,
				CF7CF7DE1C7AB6D100859F87 /* Embed Pods Frameworks */,
				CF7CF7DF1C7AB6E700859F87 /* Copy Pods Resources */,
				CF7CF7E01C7AB6FC00859F87 /* ShellScript */,
			);
			buildRules = (
			);
			dependencies = (
			);
			name = SurvataObjcDemo;
			productName = SurvataObjcDemo;
			productReference = CF7CF7BF1C7AAE3700859F87 /* SurvataObjcDemo.app */;
			productType = "com.apple.product-type.application";
		};
		CF955AC81C71B0B8002AEBEA /* SurvataDemo */ = {
			isa = PBXNativeTarget;
			buildConfigurationList = CF955ADB1C71B0B8002AEBEA /* Build configuration list for PBXNativeTarget "SurvataDemo" */;
			buildPhases = (
				3DAA2051CF0B9918B74DDBDC /* Check Pods Manifest.lock */,
				CF955AC51C71B0B8002AEBEA /* Sources */,
				CF955AC61C71B0B8002AEBEA /* Frameworks */,
				CF955AC71C71B0B8002AEBEA /* Resources */,
				B2AA768EE967ABA4C47C1997 /* Embed Pods Frameworks */,
				663901497C0855CC2B1A1359 /* Copy Pods Resources */,
				CF44DBC11C7407250095D06D /* ShellScript */,
			);
			buildRules = (
			);
			dependencies = (
			);
			name = SurvataDemo;
			productName = SurvataDemo;
			productReference = CF955AC91C71B0B8002AEBEA /* SurvataDemo.app */;
			productType = "com.apple.product-type.application";
		};
/* End PBXNativeTarget section */

/* Begin PBXProject section */
		CF955AC11C71B0B8002AEBEA /* Project object */ = {
			isa = PBXProject;
			attributes = {
				LastSwiftUpdateCheck = 0720;
				LastUpgradeCheck = 0720;
				ORGANIZATIONNAME = InteractiveLabs;
				TargetAttributes = {
					CF7CF7BE1C7AAE3700859F87 = {
						CreatedOnToolsVersion = 7.2.1;
					};
					CF955AC81C71B0B8002AEBEA = {
						CreatedOnToolsVersion = 7.2.1;
						DevelopmentTeam = 6AM6RAJ294;
					};
				};
			};
			buildConfigurationList = CF955AC41C71B0B8002AEBEA /* Build configuration list for PBXProject "SurvataDemo" */;
			compatibilityVersion = "Xcode 3.2";
			developmentRegion = English;
			hasScannedForEncodings = 0;
			knownRegions = (
				en,
				Base,
			);
			mainGroup = CF955AC01C71B0B8002AEBEA;
			productRefGroup = CF955ACA1C71B0B8002AEBEA /* Products */;
			projectDirPath = "";
			projectRoot = "";
			targets = (
				CF955AC81C71B0B8002AEBEA /* SurvataDemo */,
				CF7CF7BE1C7AAE3700859F87 /* SurvataObjcDemo */,
			);
		};
/* End PBXProject section */

/* Begin PBXResourcesBuildPhase section */
		CF7CF7BD1C7AAE3700859F87 /* Resources */ = {
			isa = PBXResourcesBuildPhase;
			buildActionMask = 2147483647;
			files = (
				CF7CF7D11C7AAE3700859F87 /* LaunchScreen.storyboard in Resources */,
				CF7CF7D61C7AAEAB00859F87 /* Main.storyboard in Resources */,
				CF7CF7D91C7AAEDF00859F87 /* Main.storyboard in Resources */,
				CF58479B1C7AC531009D4BF8 /* Assets.xcassets in Resources */,
			);
			runOnlyForDeploymentPostprocessing = 0;
		};
		CF955AC71C71B0B8002AEBEA /* Resources */ = {
			isa = PBXResourcesBuildPhase;
			buildActionMask = 2147483647;
			files = (
				CF955AD71C71B0B8002AEBEA /* LaunchScreen.storyboard in Resources */,
				CF955AD41C71B0B8002AEBEA /* Assets.xcassets in Resources */,
				CF955AD21C71B0B8002AEBEA /* Main.storyboard in Resources */,
				CF26A2EB1C76EB960063936B /* Field.xib in Resources */,
			);
			runOnlyForDeploymentPostprocessing = 0;
		};
/* End PBXResourcesBuildPhase section */

/* Begin PBXShellScriptBuildPhase section */
		3DAA2051CF0B9918B74DDBDC /* Check Pods Manifest.lock */ = {
			isa = PBXShellScriptBuildPhase;
			buildActionMask = 2147483647;
			files = (
			);
			inputPaths = (
			);
			name = "Check Pods Manifest.lock";
			outputPaths = (
			);
			runOnlyForDeploymentPostprocessing = 0;
			shellPath = /bin/sh;
			shellScript = "diff \"${PODS_ROOT}/../Podfile.lock\" \"${PODS_ROOT}/Manifest.lock\" > /dev/null\nif [[ $? != 0 ]] ; then\n    cat << EOM\nerror: The sandbox is not in sync with the Podfile.lock. Run 'pod install' or update your CocoaPods installation.\nEOM\n    exit 1\nfi\n";
			showEnvVarsInLog = 0;
		};
		663901497C0855CC2B1A1359 /* Copy Pods Resources */ = {
			isa = PBXShellScriptBuildPhase;
			buildActionMask = 2147483647;
			files = (
			);
			inputPaths = (
			);
			name = "Copy Pods Resources";
			outputPaths = (
			);
			runOnlyForDeploymentPostprocessing = 0;
			shellPath = /bin/sh;
			shellScript = "\"${SRCROOT}/Pods/Target Support Files/Pods/Pods-resources.sh\"\n";
			showEnvVarsInLog = 0;
		};
		B2AA768EE967ABA4C47C1997 /* Embed Pods Frameworks */ = {
			isa = PBXShellScriptBuildPhase;
			buildActionMask = 2147483647;
			files = (
			);
			inputPaths = (
			);
			name = "Embed Pods Frameworks";
			outputPaths = (
			);
			runOnlyForDeploymentPostprocessing = 0;
			shellPath = /bin/sh;
			shellScript = "\"${SRCROOT}/Pods/Target Support Files/Pods/Pods-frameworks.sh\"\n";
			showEnvVarsInLog = 0;
		};
		CF44DBC11C7407250095D06D /* ShellScript */ = {
			isa = PBXShellScriptBuildPhase;
			buildActionMask = 2147483647;
			files = (
			);
			inputPaths = (
			);
			outputPaths = (
			);
			runOnlyForDeploymentPostprocessing = 0;
			shellPath = /bin/sh;
			shellScript = "FILE=\"${SRCROOT}/HockeySDK-iOS/BuildAgent\"\nif [ -f \"$FILE\" ]; then\n\"$FILE\"\nfi";
		};
		CF7CF7DE1C7AB6D100859F87 /* Embed Pods Frameworks */ = {
			isa = PBXShellScriptBuildPhase;
			buildActionMask = 2147483647;
			files = (
			);
			inputPaths = (
			);
			name = "Embed Pods Frameworks";
			outputPaths = (
			);
			runOnlyForDeploymentPostprocessing = 0;
			shellPath = /bin/sh;
			shellScript = "\"${SRCROOT}/Pods/Target Support Files/Pods/Pods-frameworks.sh\"\n";
		};
		CF7CF7DF1C7AB6E700859F87 /* Copy Pods Resources */ = {
			isa = PBXShellScriptBuildPhase;
			buildActionMask = 2147483647;
			files = (
			);
			inputPaths = (
			);
			name = "Copy Pods Resources";
			outputPaths = (
			);
			runOnlyForDeploymentPostprocessing = 0;
			shellPath = /bin/sh;
			shellScript = "\"${SRCROOT}/Pods/Target Support Files/Pods/Pods-resources.sh\"";
		};
		CF7CF7E01C7AB6FC00859F87 /* ShellScript */ = {
			isa = PBXShellScriptBuildPhase;
			buildActionMask = 2147483647;
			files = (
			);
			inputPaths = (
			);
			outputPaths = (
			);
			runOnlyForDeploymentPostprocessing = 0;
			shellPath = /bin/sh;
			shellScript = "FILE=\"${SRCROOT}/HockeySDK-iOS/BuildAgent\"\nif [ -f \"$FILE\" ]; then\n\"$FILE\"\nfi";
		};
/* End PBXShellScriptBuildPhase section */

/* Begin PBXSourcesBuildPhase section */
		CF7CF7BB1C7AAE3700859F87 /* Sources */ = {
			isa = PBXSourcesBuildPhase;
			buildActionMask = 2147483647;
			files = (
				CF7CF7C91C7AAE3700859F87 /* ViewController.m in Sources */,
				CF7CF7C61C7AAE3700859F87 /* AppDelegate.m in Sources */,
				CF7CF7C31C7AAE3700859F87 /* main.m in Sources */,
			);
			runOnlyForDeploymentPostprocessing = 0;
		};
		CF955AC51C71B0B8002AEBEA /* Sources */ = {
			isa = PBXSourcesBuildPhase;
			buildActionMask = 2147483647;
			files = (
				CF26A2ED1C76EBB90063936B /* Settings.swift in Sources */,
				CF58479D1C7AC618009D4BF8 /* Youtube.swift in Sources */,
				CF955ACF1C71B0B8002AEBEA /* Demo.swift in Sources */,
				CF955ACD1C71B0B8002AEBEA /* AppDelegate.swift in Sources */,
			);
			runOnlyForDeploymentPostprocessing = 0;
		};
/* End PBXSourcesBuildPhase section */

/* Begin PBXVariantGroup section */
		CF7CF7CF1C7AAE3700859F87 /* LaunchScreen.storyboard */ = {
			isa = PBXVariantGroup;
			children = (
				CF7CF7D01C7AAE3700859F87 /* Base */,
			);
			name = LaunchScreen.storyboard;
			sourceTree = "<group>";
		};
		CF7CF7D71C7AAEDF00859F87 /* Main.storyboard */ = {
			isa = PBXVariantGroup;
			children = (
				CF7CF7D81C7AAEDF00859F87 /* Base */,
			);
			name = Main.storyboard;
			sourceTree = "<group>";
		};
		CF955AD01C71B0B8002AEBEA /* Main.storyboard */ = {
			isa = PBXVariantGroup;
			children = (
				CF955AD11C71B0B8002AEBEA /* Base */,
			);
			name = Main.storyboard;
			sourceTree = "<group>";
		};
		CF955AD51C71B0B8002AEBEA /* LaunchScreen.storyboard */ = {
			isa = PBXVariantGroup;
			children = (
				CF955AD61C71B0B8002AEBEA /* Base */,
			);
			name = LaunchScreen.storyboard;
			sourceTree = "<group>";
		};
/* End PBXVariantGroup section */

/* Begin XCBuildConfiguration section */
		CF7CF7D31C7AAE3700859F87 /* Debug */ = {
			isa = XCBuildConfiguration;
			baseConfigurationReference = 97C1685054CE145D239A0241 /* Pods.debug.xcconfig */;
			buildSettings = {
				ASSETCATALOG_COMPILER_APPICON_NAME = AppIcon;
				INFOPLIST_FILE = SurvataObjcDemo/Info.plist;
				PRODUCT_BUNDLE_IDENTIFIER = co.interactivelabs.SurvataObjcDemo;
				PRODUCT_NAME = "$(TARGET_NAME)";
			};
			name = Debug;
		};
		CF7CF7D41C7AAE3700859F87 /* Release */ = {
			isa = XCBuildConfiguration;
			baseConfigurationReference = DE785D98BBDF3951932D1A68 /* Pods.release.xcconfig */;
			buildSettings = {
				ASSETCATALOG_COMPILER_APPICON_NAME = AppIcon;
				INFOPLIST_FILE = SurvataObjcDemo/Info.plist;
				PRODUCT_BUNDLE_IDENTIFIER = co.interactivelabs.SurvataObjcDemo;
				PRODUCT_NAME = "$(TARGET_NAME)";
			};
			name = Release;
		};
		CF955AD91C71B0B8002AEBEA /* Debug */ = {
			isa = XCBuildConfiguration;
			buildSettings = {
				ALWAYS_SEARCH_USER_PATHS = NO;
				CLANG_CXX_LANGUAGE_STANDARD = "gnu++0x";
				CLANG_CXX_LIBRARY = "libc++";
				CLANG_ENABLE_MODULES = YES;
				CLANG_ENABLE_OBJC_ARC = YES;
				CLANG_WARN_BOOL_CONVERSION = YES;
				CLANG_WARN_CONSTANT_CONVERSION = YES;
				CLANG_WARN_DIRECT_OBJC_ISA_USAGE = YES_ERROR;
				CLANG_WARN_EMPTY_BODY = YES;
				CLANG_WARN_ENUM_CONVERSION = YES;
				CLANG_WARN_INT_CONVERSION = YES;
				CLANG_WARN_OBJC_ROOT_CLASS = YES_ERROR;
				CLANG_WARN_UNREACHABLE_CODE = YES;
				CLANG_WARN__DUPLICATE_METHOD_MATCH = YES;
				"CODE_SIGN_IDENTITY[sdk=iphoneos*]" = "iPhone Developer";
				COPY_PHASE_STRIP = NO;
				DEBUG_INFORMATION_FORMAT = dwarf;
				ENABLE_STRICT_OBJC_MSGSEND = YES;
				ENABLE_TESTABILITY = YES;
				GCC_C_LANGUAGE_STANDARD = gnu99;
				GCC_DYNAMIC_NO_PIC = NO;
				GCC_NO_COMMON_BLOCKS = YES;
				GCC_OPTIMIZATION_LEVEL = 0;
				GCC_PREPROCESSOR_DEFINITIONS = (
					"DEBUG=1",
					"$(inherited)",
				);
				GCC_WARN_64_TO_32_BIT_CONVERSION = YES;
				GCC_WARN_ABOUT_RETURN_TYPE = YES_ERROR;
				GCC_WARN_UNDECLARED_SELECTOR = YES;
				GCC_WARN_UNINITIALIZED_AUTOS = YES_AGGRESSIVE;
				GCC_WARN_UNUSED_FUNCTION = YES;
				GCC_WARN_UNUSED_VARIABLE = YES;
				IPHONEOS_DEPLOYMENT_TARGET = 8.0;
				MTL_ENABLE_DEBUG_INFO = YES;
				ONLY_ACTIVE_ARCH = YES;
				SDKROOT = iphoneos;
				SWIFT_OPTIMIZATION_LEVEL = "-Onone";
				TARGETED_DEVICE_FAMILY = "1,2";
			};
			name = Debug;
		};
		CF955ADA1C71B0B8002AEBEA /* Release */ = {
			isa = XCBuildConfiguration;
			buildSettings = {
				ALWAYS_SEARCH_USER_PATHS = NO;
				CLANG_CXX_LANGUAGE_STANDARD = "gnu++0x";
				CLANG_CXX_LIBRARY = "libc++";
				CLANG_ENABLE_MODULES = YES;
				CLANG_ENABLE_OBJC_ARC = YES;
				CLANG_WARN_BOOL_CONVERSION = YES;
				CLANG_WARN_CONSTANT_CONVERSION = YES;
				CLANG_WARN_DIRECT_OBJC_ISA_USAGE = YES_ERROR;
				CLANG_WARN_EMPTY_BODY = YES;
				CLANG_WARN_ENUM_CONVERSION = YES;
				CLANG_WARN_INT_CONVERSION = YES;
				CLANG_WARN_OBJC_ROOT_CLASS = YES_ERROR;
				CLANG_WARN_UNREACHABLE_CODE = YES;
				CLANG_WARN__DUPLICATE_METHOD_MATCH = YES;
				"CODE_SIGN_IDENTITY[sdk=iphoneos*]" = "iPhone Developer";
				COPY_PHASE_STRIP = NO;
				DEBUG_INFORMATION_FORMAT = "dwarf-with-dsym";
				ENABLE_NS_ASSERTIONS = NO;
				ENABLE_STRICT_OBJC_MSGSEND = YES;
				GCC_C_LANGUAGE_STANDARD = gnu99;
				GCC_NO_COMMON_BLOCKS = YES;
				GCC_WARN_64_TO_32_BIT_CONVERSION = YES;
				GCC_WARN_ABOUT_RETURN_TYPE = YES_ERROR;
				GCC_WARN_UNDECLARED_SELECTOR = YES;
				GCC_WARN_UNINITIALIZED_AUTOS = YES_AGGRESSIVE;
				GCC_WARN_UNUSED_FUNCTION = YES;
				GCC_WARN_UNUSED_VARIABLE = YES;
				IPHONEOS_DEPLOYMENT_TARGET = 8.0;
				MTL_ENABLE_DEBUG_INFO = NO;
				SDKROOT = iphoneos;
				TARGETED_DEVICE_FAMILY = "1,2";
				VALIDATE_PRODUCT = YES;
			};
			name = Release;
		};
		CF955ADC1C71B0B8002AEBEA /* Debug */ = {
			isa = XCBuildConfiguration;
			baseConfigurationReference = 97C1685054CE145D239A0241 /* Pods.debug.xcconfig */;
			buildSettings = {
				ASSETCATALOG_COMPILER_APPICON_NAME = AppIcon;
				INFOPLIST_FILE = SurvataDemo/Info.plist;
				INFOPLIST_PREFIX_HEADER = InfoPlist.h;
				INFOPLIST_PREPROCESS = YES;
				PRODUCT_BUNDLE_IDENTIFIER = co.interactivelabs.SurvataDemo;
				PRODUCT_NAME = "$(TARGET_NAME)";
			};
			name = Debug;
		};
		CF955ADD1C71B0B8002AEBEA /* Release */ = {
			isa = XCBuildConfiguration;
			baseConfigurationReference = DE785D98BBDF3951932D1A68 /* Pods.release.xcconfig */;
			buildSettings = {
				ASSETCATALOG_COMPILER_APPICON_NAME = AppIcon;
				INFOPLIST_FILE = SurvataDemo/Info.plist;
				INFOPLIST_PREFIX_HEADER = InfoPlist.h;
				INFOPLIST_PREPROCESS = YES;
				PRODUCT_BUNDLE_IDENTIFIER = co.interactivelabs.SurvataDemo;
				PRODUCT_NAME = "$(TARGET_NAME)";
				PROVISIONING_PROFILE = "f9628715-0bc4-4aa3-a405-8b80ed569b40";
			};
			name = Release;
		};
/* End XCBuildConfiguration section */

/* Begin XCConfigurationList section */
		CF7CF7D51C7AAE3700859F87 /* Build configuration list for PBXNativeTarget "SurvataObjcDemo" */ = {
			isa = XCConfigurationList;
			buildConfigurations = (
				CF7CF7D31C7AAE3700859F87 /* Debug */,
				CF7CF7D41C7AAE3700859F87 /* Release */,
			);
			defaultConfigurationIsVisible = 0;
			defaultConfigurationName = Release;
		};
		CF955AC41C71B0B8002AEBEA /* Build configuration list for PBXProject "SurvataDemo" */ = {
			isa = XCConfigurationList;
			buildConfigurations = (
				CF955AD91C71B0B8002AEBEA /* Debug */,
				CF955ADA1C71B0B8002AEBEA /* Release */,
			);
			defaultConfigurationIsVisible = 0;
			defaultConfigurationName = Release;
		};
		CF955ADB1C71B0B8002AEBEA /* Build configuration list for PBXNativeTarget "SurvataDemo" */ = {
			isa = XCConfigurationList;
			buildConfigurations = (
				CF955ADC1C71B0B8002AEBEA /* Debug */,
				CF955ADD1C71B0B8002AEBEA /* Release */,
			);
			defaultConfigurationIsVisible = 0;
			defaultConfigurationName = Release;
		};
/* End XCConfigurationList section */
	};
	rootObject = CF955AC11C71B0B8002AEBEA /* Project object */;
}
